
Microsoft Visual Studio Solution File, Format Version 12.00
# Visual Studio Version 17
VisualStudioVersion = 17.0.31903.59
MinimumVisualStudioVersion = 10.0.40219.1
Project("{FAE04EC0-301F-11D3-BF4B-00C04F79EFBC}") = "GardenVR.Core", "GardenVR.Core\GardenVR.Core.csproj", "{98CDE047-C56B-4D5F-BC6C-F0A6B69C8D2A}"
EndProject
Project("{FAE04EC0-301F-11D3-BF4B-00C04F79EFBC}") = "GardenVR.Core.Tests", "GardenVR.Core.Tests\GardenVR.Core.Tests.csproj", "{23A79CC2-8ABE-4ECB-9634-15363CB33B16}"
EndProject
Global
	GlobalSection(SolutionConfigurationPlatforms) = preSolution
		Debug|Any CPU = Debug|Any CPU
		Debug|x64 = Debug|x64
		Debug|x86 = Debug|x86
		Release|Any CPU = Release|Any CPU
		Release|x64 = Release|x64
		Release|x86 = Release|x86
	EndGlobalSection
	GlobalSection(ProjectConfigurationPlatforms) = postSolution
		{98CDE047-C56B-4D5F-BC6C-F0A6B69C8D2A}.Debug|Any CPU.ActiveCfg = Debug|Any CPU
		{98CDE047-C56B-4D5F-BC6C-F0A6B69C8D2A}.Debug|Any CPU.Build.0 = Debug|Any CPU
		{98CDE047-C56B-4D5F-BC6C-F0A6B69C8D2A}.Debug|x64.ActiveCfg = Debug|Any CPU
		{98CDE047-C56B-4D5F-BC6C-F0A6B69C8D2A}.Debug|x64.Build.0 = Debug|Any CPU
		{98CDE047-C56B-4D5F-BC6C-F0A6B69C8D2A}.Debug|x86.ActiveCfg = Debug|Any CPU
		{98CDE047-C56B-4D5F-BC6C-F0A6B69C8D2A}.Debug|x86.Build.0 = Debug|Any CPU
		{98CDE047-C56B-4D5F-BC6C-F0A6B69C8D2A}.Release|Any CPU.ActiveCfg = Release|Any CPU
		{98CDE047-C56B-4D5F-BC6C-F0A6B69C8D2A}.Release|Any CPU.Build.0 = Release|Any CPU
		{98CDE047-C56B-4D5F-BC6C-F0A6B69C8D2A}.Release|x64.ActiveCfg = Release|Any CPU
		{98CDE047-C56B-4D5F-BC6C-F0A6B69C8D2A}.Release|x64.Build.0 = Release|Any CPU
		{98CDE047-C56B-4D5F-BC6C-F0A6B69C8D2A}.Release|x86.ActiveCfg = Release|Any CPU
		{98CDE047-C56B-4D5F-BC6C-F0A6B69C8D2A}.Release|x86.Build.0 = Release|Any CPU
		{23A79CC2-8ABE-4ECB-9634-15363CB33B16}.Debug|Any CPU.ActiveCfg = Debug|Any CPU
		{23A79CC2-8ABE-4ECB-9634-15363CB33B16}.Debug|Any CPU.Build.0 = Debug|Any CPU
		{23A79CC2-8ABE-4ECB-9634-15363CB33B16}.Debug|x64.ActiveCfg = Debug|Any CPU
		{23A79CC2-8ABE-4ECB-9634-15363CB33B16}.Debug|x64.Build.0 = Debug|Any CPU
		{23A79CC2-8ABE-4ECB-9634-15363CB33B16}.Debug|x86.ActiveCfg = Debug|Any CPU
		{23A79CC2-8ABE-4ECB-9634-15363CB33B16}.Debug|x86.Build.0 = Debug|Any CPU
		{23A79CC2-8ABE-4ECB-9634-15363CB33B16}.Release|Any CPU.ActiveCfg = Release|Any CPU
		{23A79CC2-8ABE-4ECB-9634-15363CB33B16}.Release|Any CPU.Build.0 = Release|Any CPU
		{23A79CC2-8ABE-4ECB-9634-15363CB33B16}.Release|x64.ActiveCfg = Release|Any CPU
		{23A79CC2-8ABE-4ECB-9634-15363CB33B16}.Release|x64.Build.0 = Release|Any CPU
		{23A79CC2-8ABE-4ECB-9634-15363CB33B16}.Release|x86.ActiveCfg = Release|Any CPU
		{23A79CC2-8ABE-4ECB-9634-15363CB33B16}.Release|x86.Build.0 = Release|Any CPU
	EndGlobalSection
	GlobalSection(SolutionProperties) = preSolution
		HideSolutionNode = FALSE
	EndGlobalSection
EndGlobal
